PODS:
  - Flutter (1.0.0)
  - gallery_saver_plus (0.0.1):
    - Flutter

DEPENDENCIES:
  - Flutter (from `Flutter`)
  - gallery_saver_plus (from `.symlinks/plugins/gallery_saver_plus/ios`)

EXTERNAL SOURCES:
  Flutter:
    :path: Flutter
  gallery_saver_plus:
    :path: ".symlinks/plugins/gallery_saver_plus/ios"

SPEC CHECKSUMS:
  Flutter: cabc95a1d2626b1b06e7179b784ebcf0c0cde467
  gallery_saver_plus: 61c8a831d5975e2bf57f87bcd64379dcc7d29ff2

PODFILE CHECKSUM: 802cab1bc694b64364f7380f4e04afad2a34ee78

COCOAPODS: 1.16.2
